{
  "version": 4,
  "terraform_version": "1.5.7",
  "serial": 8,
  "lineage": "d1ed1a6c-0d56-922a-23f1-cb0d2691d20e",
  "outputs": {
    "Instance-Public-IP": {
      "value": [
        "129.213.100.27"
      ],
      "type": [
        "tuple",
        [
          "string"
        ]
      ]
    },
    "showADs": {
      "value": [
        "mwOj:US-ASHBURN-AD-1",
        "mwOj:US-ASHBURN-AD-2",
        "mwOj:US-ASHBURN-AD-3"
      ],
      "type": [
        "list",
        "string"
      ]
    }
  },
  "resources": [
    {
      "mode": "data",
      "type": "oci_identity_availability_domains",
      "name": "ads",
      "provider": "provider[\"registry.terraform.io/hashicorp/oci\"]",
      "instances": [
        {
          "schema_version": 0,
          "attributes": {
            "availability_domains": [
              {
                "compartment_id": "ocid1.tenancy.oc1..aaaaaaaasg7dmeaivai6jirpcbl23ms3z4aohftxghilvru5b2eceujefw6a",
                "id": "ocid1.availabilitydomain.oc1..aaaaaaaaztunlny6ae4yw2vghp5go2zceaonwp6wiioe3tnh2vlaxjjl2n3a",
                "name": "mwOj:US-ASHBURN-AD-1"
              },
              {
                "compartment_id": "ocid1.tenancy.oc1..aaaaaaaasg7dmeaivai6jirpcbl23ms3z4aohftxghilvru5b2eceujefw6a",
                "id": "ocid1.availabilitydomain.oc1..aaaaaaaatrwxaogr7dl4yschqtrmqrdv6uzis3mgbnomiagqrfhcb7mxsfdq",
                "name": "mwOj:US-ASHBURN-AD-2"
              },
              {
                "compartment_id": "ocid1.tenancy.oc1..aaaaaaaasg7dmeaivai6jirpcbl23ms3z4aohftxghilvru5b2eceujefw6a",
                "id": "ocid1.availabilitydomain.oc1..aaaaaaaauvt2n7pijol7uqgdnnsoojcukrijtmcltvfwxazmitk235wyohta",
                "name": "mwOj:US-ASHBURN-AD-3"
              }
            ],
            "compartment_id": "ocid1.tenancy.oc1..aaaaaaaasg7dmeaivai6jirpcbl23ms3z4aohftxghilvru5b2eceujefw6a",
            "filter": null,
            "id": "IdentityAvailabilityDomainsDataSource-2133949882"
          },
          "sensitive_attributes": []
        }
      ]
    },
    {
      "mode": "managed",
      "type": "oci_core_instance",
      "name": "test_vm_instance",
      "provider": "provider[\"registry.terraform.io/hashicorp/oci\"]",
      "instances": [
        {
          "schema_version": 0,
          "attributes": {
            "agent_config": [
              {
                "are_all_plugins_disabled": false,
                "is_management_disabled": false,
                "is_monitoring_disabled": false,
                "plugins_config": []
              }
            ],
            "async": null,
            "availability_config": [
              {
                "is_live_migration_preferred": false,
                "recovery_action": "RESTORE_INSTANCE"
              }
            ],
            "availability_domain": "mwOj:US-ASHBURN-AD-1",
            "boot_volume_id": "ocid1.bootvolume.oc1.iad.abuwcljstsovinzygmafwaifqwsbjg6wfftah7z3fkjzoeauqqgxpuqo5srq",
            "capacity_reservation_id": null,
            "compartment_id": "ocid1.compartment.oc1..aaaaaaaagcahw73vhg3raurulbih663qkyfsggxgrd36a4xfokh5zlerc4lq",
            "compute_cluster_id": null,
            "create_vnic_details": [
              {
                "assign_ipv6ip": false,
                "assign_private_dns_record": false,
                "assign_public_ip": "true",
                "defined_tags": {
                  "Oracle-Tags.CreatedBy": "99212149-lab.user12",
                  "Oracle-Tags.CreatedOn": "2023-09-28T05:12:16.463Z"
                },
                "display_name": "sarath",
                "freeform_tags": {},
                "hostname_label": "tfvmspin",
                "ipv6address_ipv6subnet_cidr_pair_details": [],
                "nsg_ids": [],
                "private_ip": "10.0.0.210",
                "skip_source_dest_check": false,
                "subnet_id": "ocid1.subnet.oc1.iad.aaaaaaaad5tdifmyyhtsk5kkdzmhfpt4uyfhdel6urcq6g6ac7cgg6sibmua",
                "vlan_id": ""
              }
            ],
            "dedicated_vm_host_id": null,
            "defined_tags": {
              "Oracle-Tags.CreatedBy": "99212149-lab.user12",
              "Oracle-Tags.CreatedOn": "2023-09-28T05:12:16.273Z"
            },
            "display_name": "sarath",
            "extended_metadata": {},
            "fault_domain": "FAULT-DOMAIN-1",
            "freeform_tags": {},
            "hostname_label": "tfvmspin",
            "id": "ocid1.instance.oc1.iad.anuwcljsg6sn4rqcr3rcxl57eqic4cpc4akeaqlbtvm2soncbqrlrexmnw2q",
            "image": "ocid1.image.oc1.iad.aaaaaaaamwu6pamu2qv33dcmsta5jp77fkmqjg5nb6zhigk3chlmeoqvt3wa",
            "instance_configuration_id": null,
            "instance_options": [
              {
                "are_legacy_imds_endpoints_disabled": false
              }
            ],
            "ipxe_script": null,
            "is_cross_numa_node": false,
            "is_pv_encryption_in_transit_enabled": null,
            "launch_mode": "PARAVIRTUALIZED",
            "launch_options": [
              {
                "boot_volume_type": "PARAVIRTUALIZED",
                "firmware": "UEFI_64",
                "is_consistent_volume_naming_enabled": true,
                "is_pv_encryption_in_transit_enabled": false,
                "network_type": "PARAVIRTUALIZED",
                "remote_data_volume_type": "PARAVIRTUALIZED"
              }
            ],
            "metadata": {
              "ssh_authorized_keys": "ssh-rsa AAAAB3NzaC1yc2EAAAADAQABAAABAQCrPKYT4KX+/5nvK2K8/WOcPPbugMZ0Lbp9hO3zzjB4k7tUT//IuM8tUeGFelP5X1aZ8YTY4AUVVds5/yRGKVN4B8cvBtlfnnl4ubCaaT/ZyAenliyE8s+HX5Ad8mb4e+YRLU1qTVe5/EIvZ587rvHwisboImLYjYb//IOaFRhXQOmycAiU4DGxvm6Zo4mZKyhOq4gv4JUI40WkI0NUfC+xroQ1qInG0QVED7DRtcW0aYre+poBS5RvFfjrW82zhBaTcOcY/Rv1SPT2zU0dbbNUUPhrbjC3cq79rvmrlehUN6JHtJ0i8xD1B1I2fiDZ2PxsWbC5lJS1ARMW0AEkTeWX x_99212149@90e6072cad19"
            },
            "platform_config": [],
            "preemptible_instance_config": [],
            "preserve_boot_volume": false,
            "private_ip": "10.0.0.210",
            "public_ip": "129.213.100.27",
            "region": "iad",
            "shape": "VM.Standard.A1.Flex",
            "shape_config": [
              {
                "baseline_ocpu_utilization": "",
                "gpu_description": "",
                "gpus": 0,
                "local_disk_description": "",
                "local_disks": 0,
                "local_disks_total_size_in_gbs": 0,
                "max_vnic_attachments": 2,
                "memory_in_gbs": 4,
                "networking_bandwidth_in_gbps": 1,
                "nvmes": 0,
                "ocpus": 1,
                "processor_description": "3.0 GHz Ampere® Altra™",
                "vcpus": 1
              }
            ],
            "source_details": [
              {
                "boot_volume_size_in_gbs": "47",
                "boot_volume_vpus_per_gb": "10",
                "instance_source_image_filter_details": [
                  {
                    "compartment_id": "ocid1.compartment.oc1..aaaaaaaagcahw73vhg3raurulbih663qkyfsggxgrd36a4xfokh5zlerc4lq",
                    "defined_tags_filter": {},
                    "operating_system": "",
                    "operating_system_version": ""
                  }
                ],
                "kms_key_id": "",
                "source_id": "ocid1.image.oc1.iad.aaaaaaaamwu6pamu2qv33dcmsta5jp77fkmqjg5nb6zhigk3chlmeoqvt3wa",
                "source_type": "image"
              }
            ],
            "state": "RUNNING",
            "subnet_id": "ocid1.subnet.oc1.iad.aaaaaaaad5tdifmyyhtsk5kkdzmhfpt4uyfhdel6urcq6g6ac7cgg6sibmua",
            "system_tags": {},
            "time_created": "2023-09-28 05:12:16.851 +0000 UTC",
            "time_maintenance_reboot_due": "",
            "timeouts": null,
            "update_operation_constraint": null
          },
          "sensitive_attributes": [],
          "private": "eyJlMmJmYjczMC1lY2FhLTExZTYtOGY4OC0zNDM2M2JjN2M0YzAiOnsiY3JlYXRlIjoyNzAwMDAwMDAwMDAwLCJkZWxldGUiOjQ1MDAwMDAwMDAwMDAsInVwZGF0ZSI6MjcwMDAwMDAwMDAwMH19",
          "dependencies": [
            "data.oci_identity_availability_domains.ads",
            "oci_core_subnet.test_subnet",
            "oci_core_vcn.test_vcn"
          ]
        }
      ]
    },
    {
      "mode": "managed",
      "type": "oci_core_subnet",
      "name": "test_subnet",
      "provider": "provider[\"registry.terraform.io/hashicorp/oci\"]",
      "instances": [
        {
          "schema_version": 0,
          "attributes": {
            "availability_domain": null,
            "cidr_block": "10.0.0.0/24",
            "compartment_id": "ocid1.compartment.oc1..aaaaaaaagcahw73vhg3raurulbih663qkyfsggxgrd36a4xfokh5zlerc4lq",
            "defined_tags": {
              "Oracle-Tags.CreatedBy": "99212149-lab.user12",
              "Oracle-Tags.CreatedOn": "2023-09-27T11:50:44.851Z"
            },
            "dhcp_options_id": "ocid1.dhcpoptions.oc1.iad.aaaaaaaaiklphxuqwaz4bfgs3p2ej5hgr2e5zrukcyzkp4sqik3proyvurkq",
            "display_name": "subnet1",
            "dns_label": "subnet1",
            "freeform_tags": {},
            "id": "ocid1.subnet.oc1.iad.aaaaaaaad5tdifmyyhtsk5kkdzmhfpt4uyfhdel6urcq6g6ac7cgg6sibmua",
            "ipv6cidr_block": null,
            "ipv6cidr_blocks": [],
            "ipv6virtual_router_ip": null,
            "prohibit_internet_ingress": false,
            "prohibit_public_ip_on_vnic": false,
            "route_table_id": "ocid1.routetable.oc1.iad.aaaaaaaa4boqizvvrisonrz57owll4dhbwljy2r7m44ci2jg4tiyjqkyyruq",
            "security_list_ids": [
              "ocid1.securitylist.oc1.iad.aaaaaaaaf2c3ijsa7anj6gy2bs3cagkrcbzpgxg7q26elcj2vmmumo26jlqq"
            ],
            "state": "AVAILABLE",
            "subnet_domain_name": "subnet1.simplevcn1.oraclevcn.com",
            "time_created": "2023-09-27 11:50:44.963 +0000 UTC",
            "timeouts": null,
            "vcn_id": "ocid1.vcn.oc1.iad.amaaaaaag6sn4rqak6gxfjat5dlkuyq5mvgbhsesjh4osppxvbslc3i2vtha",
            "virtual_router_ip": "10.0.0.1",
            "virtual_router_mac": "00:00:17:C5:56:17"
          },
          "sensitive_attributes": [],
          "private": "eyJlMmJmYjczMC1lY2FhLTExZTYtOGY4OC0zNDM2M2JjN2M0YzAiOnsiY3JlYXRlIjoxMjAwMDAwMDAwMDAwLCJkZWxldGUiOjEyMDAwMDAwMDAwMDAsInVwZGF0ZSI6MTIwMDAwMDAwMDAwMH19",
          "dependencies": [
            "oci_core_vcn.test_vcn"
          ]
        }
      ]
    },
    {
      "mode": "managed",
      "type": "oci_core_vcn",
      "name": "test_vcn",
      "provider": "provider[\"registry.terraform.io/hashicorp/oci\"]",
      "instances": [
        {
          "schema_version": 0,
          "attributes": {
            "byoipv6cidr_blocks": [],
            "byoipv6cidr_details": [],
            "cidr_block": "10.0.0.0/16",
            "cidr_blocks": [
              "10.0.0.0/16"
            ],
            "compartment_id": "ocid1.compartment.oc1..aaaaaaaagcahw73vhg3raurulbih663qkyfsggxgrd36a4xfokh5zlerc4lq",
            "default_dhcp_options_id": "ocid1.dhcpoptions.oc1.iad.aaaaaaaaiklphxuqwaz4bfgs3p2ej5hgr2e5zrukcyzkp4sqik3proyvurkq",
            "default_route_table_id": "ocid1.routetable.oc1.iad.aaaaaaaa4boqizvvrisonrz57owll4dhbwljy2r7m44ci2jg4tiyjqkyyruq",
            "default_security_list_id": "ocid1.securitylist.oc1.iad.aaaaaaaaf2c3ijsa7anj6gy2bs3cagkrcbzpgxg7q26elcj2vmmumo26jlqq",
            "defined_tags": {
              "Oracle-Tags.CreatedBy": "99212149-lab.user12",
              "Oracle-Tags.CreatedOn": "2023-09-27T11:41:34.533Z"
            },
            "display_name": "Simple VCN One",
            "dns_label": "simplevcn1",
            "freeform_tags": {},
            "id": "ocid1.vcn.oc1.iad.amaaaaaag6sn4rqak6gxfjat5dlkuyq5mvgbhsesjh4osppxvbslc3i2vtha",
            "ipv6cidr_blocks": [],
            "ipv6private_cidr_blocks": [],
            "is_ipv6enabled": false,
            "is_oracle_gua_allocation_enabled": null,
            "state": "AVAILABLE",
            "time_created": "2023-09-27 11:41:34.664 +0000 UTC",
            "timeouts": null,
            "vcn_domain_name": "simplevcn1.oraclevcn.com"
          },
          "sensitive_attributes": [],
          "private": "eyJlMmJmYjczMC1lY2FhLTExZTYtOGY4OC0zNDM2M2JjN2M0YzAiOnsiY3JlYXRlIjoxMjAwMDAwMDAwMDAwLCJkZWxldGUiOjEyMDAwMDAwMDAwMDAsInVwZGF0ZSI6MTIwMDAwMDAwMDAwMH19"
        }
      ]
    },
    {
      "mode": "managed",
      "type": "oci_core_volume",
      "name": "test_volume",
      "provider": "provider[\"registry.terraform.io/hashicorp/oci\"]",
      "instances": [
        {
          "schema_version": 0,
          "attributes": {
            "auto_tuned_vpus_per_gb": null,
            "autotune_policies": [],
            "availability_domain": "mwOj:US-ASHBURN-AD-1",
            "backup_policy_id": null,
            "block_volume_replicas": [],
            "block_volume_replicas_deletion": null,
            "compartment_id": "ocid1.compartment.oc1..aaaaaaaagcahw73vhg3raurulbih663qkyfsggxgrd36a4xfokh5zlerc4lq",
            "defined_tags": {
              "Oracle-Tags.CreatedBy": "99212149-lab.user12",
              "Oracle-Tags.CreatedOn": "2023-09-27T11:32:02.908Z"
            },
            "display_name": "Data Volume1",
            "freeform_tags": {},
            "id": "ocid1.volume.oc1.iad.abuwcljs4ybzv6e2ffhp2vbqrimzcet6b3mkwbo7u2b43laqcaqwbbyoptnq",
            "is_auto_tune_enabled": false,
            "is_hydrated": true,
            "kms_key_id": null,
            "size_in_gbs": "50",
            "size_in_mbs": "51200",
            "source_details": [],
            "state": "AVAILABLE",
            "system_tags": {},
            "time_created": "2023-09-27 11:32:02.923 +0000 UTC",
            "timeouts": null,
            "volume_backup_id": null,
            "volume_group_id": null,
            "vpus_per_gb": "10"
          },
          "sensitive_attributes": [],
          "private": "eyJlMmJmYjczMC1lY2FhLTExZTYtOGY4OC0zNDM2M2JjN2M0YzAiOnsiY3JlYXRlIjoxMjAwMDAwMDAwMDAwLCJkZWxldGUiOjEyMDAwMDAwMDAwMDAsInVwZGF0ZSI6MTIwMDAwMDAwMDAwMH19",
          "dependencies": [
            "data.oci_identity_availability_domains.ads"
          ]
        }
      ]
    }
  ],
  "check_results": null
}
